
Microsoft Visual Studio Solution File, Format Version 12.00
# Visual Studio 15
VisualStudioVersion = 15.0.27004.2009
MinimumVisualStudioVersion = 10.0.40219.1
Project("{FAE04EC0-301F-11D3-BF4B-00C04F79EFBC}") = "WebApplication3", "WebApplication3\WebApplication3.csproj", "{48EFF339-E04A-43D1-9927-C7EDA1C1B613}"
EndProject
Global
	GlobalSection(SolutionConfigurationPlatforms) = preSolution
		Debug|Any CPU = Debug|Any CPU
		Release|Any CPU = Release|Any CPU
	EndGlobalSection
	GlobalSection(ProjectConfigurationPlatforms) = postSolution
		{48EFF339-E04A-43D1-9927-C7EDA1C1B613}.Debug|Any CPU.ActiveCfg = Debug|Any CPU
		{48EFF339-E04A-43D1-9927-C7EDA1C1B613}.Debug|Any CPU.Build.0 = Debug|Any CPU
		{48EFF339-E04A-43D1-9927-C7EDA1C1B613}.Release|Any CPU.ActiveCfg = Release|Any CPU
		{48EFF339-E04A-43D1-9927-C7EDA1C1B613}.Release|Any CPU.Build.0 = Release|Any CPU
	EndGlobalSection
	GlobalSection(SolutionProperties) = preSolution
		HideSolutionNode = FALSE
	EndGlobalSection
	GlobalSection(ExtensibilityGlobals) = postSolution
		SolutionGuid = {03702419-94D8-45A5-892B-5C0B8734A022}
	EndGlobalSection
EndGlobal
